{
  "name": "myapp",
  "version": "0.1.0",
  "lockfileVersion": 1,
  "requires": true,
  "dependencies": {
    "bootstrap-icons": {
      "version": "1.6.0",
      "resolved": "https://registry.npmjs.org/bootstrap-icons/-/bootstrap-icons-1.6.0.tgz",
      "integrity": "sha512-zJmZurKexL7oXS+KOnSSFFsKi2asXMzPWCRRwxrq7bj1YbURHr/paCwzRWIPLPsZYh8osQL+W+2uzLlt9EPfnw=="
    },
    "yarn": {
      "version": "1.22.15",
      "resolved": "https://registry.npmjs.org/yarn/-/yarn-1.22.15.tgz",
      "integrity": "sha512-AzoEDxj256BOS/jqDXA3pjyhmi4FRBBUMgYoTHI4EIt2EhREkvH0soPVEtnD+DQIJfU5R9bKhcZ1H9l8zPWeoA=="
    }
  }
}
